
Microsoft Visual Studio Solution File, Format Version 12.00
# Visual Studio Version 16
VisualStudioVersion = 16.0.31515.178
MinimumVisualStudioVersion = 10.0.40219.1
Project("{FAE04EC0-301F-11D3-BF4B-00C04F79EFBC}") = "OnlineStoreWPF", "OnlineStoreWPF\OnlineStoreWPF.csproj", "{18B85799-2E13-4EB6-A8DC-C51B733C4098}"
EndProject
Global
	GlobalSection(SolutionConfigurationPlatforms) = preSolution
		Debug|Any CPU = Debug|Any CPU
		Release|Any CPU = Release|Any CPU
	EndGlobalSection
	GlobalSection(ProjectConfigurationPlatforms) = postSolution
		{18B85799-2E13-4EB6-A8DC-C51B733C4098}.Debug|Any CPU.ActiveCfg = Debug|Any CPU
		{18B85799-2E13-4EB6-A8DC-C51B733C4098}.Debug|Any CPU.Build.0 = Debug|Any CPU
		{18B85799-2E13-4EB6-A8DC-C51B733C4098}.Release|Any CPU.ActiveCfg = Release|Any CPU
		{18B85799-2E13-4EB6-A8DC-C51B733C4098}.Release|Any CPU.Build.0 = Release|Any CPU
	EndGlobalSection
	GlobalSection(SolutionProperties) = preSolution
		HideSolutionNode = FALSE
	EndGlobalSection
	GlobalSection(ExtensibilityGlobals) = postSolution
		SolutionGuid = {A6E8A900-01FA-427F-8C45-FFCE21335B2F}
	EndGlobalSection
EndGlobal
